{
  "version": 1,
  "dependencies": {
    "net8.0": {
      "Avalonia": {
        "type": "Direct",
        "requested": "[11.3.12, )",
        "resolved": "11.3.12",
        "contentHash": "CHB0gXMSba8gTXqTrO9lS1te9ejH52ngHPm+0i/RfXFzqHXHPQ3yciFc/GfGnXUBjqjwH85J1rhYNl4/EujP0w==",
        "dependencies": {
          "Avalonia.BuildServices": "11.3.2",
          "Avalonia.Remote.Protocol": "11.3.12",
          "MicroCom.Runtime": "0.11.0"
        }
      },
      "Avalonia.Desktop": {
        "type": "Direct",
        "requested": "[11.3.12, )",
        "resolved": "11.3.12",
        "contentHash": "zwtEFNvXB60z7rHD92oISkCQq0PcFyttfAW+cgcfALECegtNkd9P9/UXIuE0GvMVBVUPTRUQeSB6/jhwZKqqRQ==",
        "dependencies": {
          "Avalonia": "11.3.12",
          "Avalonia.Native": "11.3.12",
          "Avalonia.Skia": "11.3.12",
          "Avalonia.Win32": "11.3.12",
          "Avalonia.X11": "11.3.12"
        }
      },
      "Avalonia.Diagnostics": {
        "type": "Direct",
        "requested": "[11.3.12, )",
        "resolved": "11.3.12",
        "contentHash": "fV+CTB/IDsFPqUVu5OQbpFLNeGLv9EmwxEjjuesJkzgT5R7mhkpLdZN3iWNC8gWkb2zfWG6mhu/q9jzDkiNhLA==",
        "dependencies": {
          "Avalonia": "11.3.12",
          "Avalonia.Controls.ColorPicker": "11.3.12",
          "Avalonia.Themes.Simple": "11.3.12"
        }
      },
      "Avalonia.Fonts.Inter": {
        "type": "Direct",
        "requested": "[11.3.12, )",
        "resolved": "11.3.12",
        "contentHash": "Q28QGYnGbvrlTwg6md5U0sR8PuP7H77cysnJDR6a/hnCBH71/GPKxi4GGOKh2qFyo15XmvAwNZ+3QetfnOKSXw==",
        "dependencies": {
          "Avalonia": "11.3.12"
        }
      },
      "CommunityToolkit.Mvvm": {
        "type": "Direct",
        "requested": "[8.4.0, )",
        "resolved": "8.4.0",
        "contentHash": "tqVU8yc/ADO9oiTRyTnwhFN68hCwvkliMierptWOudIAvWY1mWCh5VFh+guwHJmpMwfg0J0rY+yyd5Oy7ty9Uw=="
      },
      "FluentAvaloniaUI": {
        "type": "Direct",
        "requested": "[2.4.0, )",
        "resolved": "2.4.0",
        "contentHash": "KWpXexfCgDcVNanzzR+QXQKk300Xd9rImAZkMIrCG3TdKZ+s9sdMW3JfvKJWpzS74Y3JSZkY67Ngeh5nbtEtEw==",
        "dependencies": {
          "Avalonia": "11.2.5",
          "Avalonia.Controls.ColorPicker": "11.2.5",
          "Avalonia.Controls.DataGrid": "11.2.5",
          "Avalonia.Skia": "11.2.5",
          "MicroCom.Runtime": "0.11.0"
        }
      },
      "Microsoft.Win32.Registry": {
        "type": "Direct",
        "requested": "[5.0.0, )",
        "resolved": "5.0.0",
        "contentHash": "dDoKi0PnDz31yAyETfRntsLArTlVAVzUzCIvvEDsDsucrl33Dl8pIJG06ePTJTI3tGpeyHS9Cq7Foc/s4EeKcg==",
        "dependencies": {
          "System.Security.AccessControl": "5.0.0",
          "System.Security.Principal.Windows": "5.0.0"
        }
      },
      "NAudio.Wasapi": {
        "type": "Direct",
        "requested": "[2.2.1, )",
        "resolved": "2.2.1",
        "contentHash": "lFfXoqacZZe0WqNChJgGYI+XV/n/61LzPHT3C1CJp4khoxeo2sziyX5wzNYWeCMNbsWxFvT3b3iXeY1UYjBhZw==",
        "dependencies": {
          "NAudio.Core": "2.2.1"
        }
      },
      "System.Security.Cryptography.ProtectedData": {
        "type": "Direct",
        "requested": "[8.0.0, )",
        "resolved": "8.0.0",
        "contentHash": "+TUFINV2q2ifyXauQXRwy4CiBhqvDEDZeVJU7qfxya4aRYOKzVBpN+4acx25VcPB9ywUN6C0n8drWl110PhZEg=="
      },
      "Vortice.Direct2D1": {
        "type": "Direct",
        "requested": "[3.8.3, )",
        "resolved": "3.8.3",
        "contentHash": "SDHEmNUT3A4P8yj+g7q3AnRZ9fvqOOe/EoWjsgkHlQ3C9Tkc51rTeZXC9bQPySli+/lFTui8vMs9tpWZqf+AwQ==",
        "dependencies": {
          "SharpGen.Runtime": "2.4.2-beta",
          "Vortice.DXGI": "3.8.3"
        }
      },
      "Vortice.Direct3D11": {
        "type": "Direct",
        "requested": "[3.8.3, )",
        "resolved": "3.8.3",
        "contentHash": "JgFUswu2mgrSwcd0KRF2AnfeE5VbMEgcicmxPD1g2yXyomPIHbnX3wldBNHPOzzD0URC1WJ/pO1ymfi3imZwvg==",
        "dependencies": {
          "SharpGen.Runtime": "2.4.2-beta",
          "Vortice.DXGI": "3.8.3"
        }
      },
      "Vortice.DirectComposition": {
        "type": "Direct",
        "requested": "[3.8.3, )",
        "resolved": "3.8.3",
        "contentHash": "2/QD9K9UC7z/2FgK8/gVyySfMppwOz006+9eMtrcEbsTwYNxBxJGCeY09oM8Mr7CLOVY581sg89lIES+2URd6A==",
        "dependencies": {
          "SharpGen.Runtime": "2.4.2-beta",
          "Vortice.DXGI": "3.8.3",
          "Vortice.Direct2D1": "3.8.3",
          "Vortice.DirectX": "3.8.3"
        }
      },
      "Vortice.DXGI": {
        "type": "Direct",
        "requested": "[3.8.3, )",
        "resolved": "3.8.3",
        "contentHash": "MbAUnTeQ6WD99ctAdrj5CQO2I7oaax0Kt2eVdWSUj0bYP9Ed0726+s7dIHe4+tqhpmINW/dcPt0mNtc72o+E0w==",
        "dependencies": {
          "SharpGen.Runtime": "2.4.2-beta",
          "Vortice.DirectX": "3.8.3"
        }
      },
      "Vortice.MediaFoundation": {
        "type": "Direct",
        "requested": "[3.8.3, )",
        "resolved": "3.8.3",
        "contentHash": "TeAN7tKrf1XfUxXe1+fukRvPCTW53DQUxuPR0pZLivuhmLlFCgpvb+EQWfCKENnEwbJnL+OdrHxWn2qUZiYMuA==",
        "dependencies": {
          "SharpGen.Runtime": "2.4.2-beta",
          "Vortice.DirectX": "3.8.3"
        }
      },
      "Avalonia.Angle.Windows.Natives": {
        "type": "Transitive",
        "resolved": "2.1.25547.20250602",
        "contentHash": "ZL0VLc4s9rvNNFt19Pxm5UNAkmKNylugAwJPX9ulXZ6JWs/l6XZihPWWTyezaoNOVyEPU8YbURtW7XMAtqXH5A=="
      },
      "Avalonia.BuildServices": {
        "type": "Transitive",
        "resolved": "11.3.2",
        "contentHash": "qHDToxto1e3hci5YqbG9n0Ty8mlp3zBUN5wT66wKqaDVzXyQ0do3EnRILd4Ke9jpvsktaPpgE0YjEk7hornryQ=="
      },
      "Avalonia.Controls.ColorPicker": {
        "type": "Transitive",
        "resolved": "11.3.12",
        "contentHash": "NIqh2J3LUYpKvk+eeIc6jXcPWwuL/Dr5DQF6ZL3qRETkOhGdec1G7D9aMFwxltx0cLhXPnuSpYnKPIBp31OrHw==",
        "dependencies": {
          "Avalonia": "11.3.12",
          "Avalonia.Remote.Protocol": "11.3.12"
        }
      },
      "Avalonia.Controls.DataGrid": {
        "type": "Transitive",
        "resolved": "11.2.5",
        "contentHash": "XziirhxOoHhoFyfMFpS1Ka9GrewoMPTvA9nE/70OfxREwLUxiJLJwA5N7F8+C5DpRfHVZj9zZV2WdOn4tVXSag==",
        "dependencies": {
          "Avalonia": "11.2.5",
          "Avalonia.Remote.Protocol": "11.2.5"
        }
      },
      "Avalonia.FreeDesktop": {
        "type": "Transitive",
        "resolved": "11.3.12",
        "contentHash": "R1UdslorpUSmAt1SKNmmypkUPj993WpE4iUm5KvPd0mL0NQbIFra2DYYGb8GCtLOsupnA4pyNOU2FXumB2EGKA==",
        "dependencies": {
          "Avalonia": "11.3.12",
          "Tmds.DBus.Protocol": "0.21.2"
        }
      },
      "Avalonia.Native": {
        "type": "Transitive",
        "resolved": "11.3.12",
        "contentHash": "28q2DUSGUBVRpEQWYBo0crokZabPyI7KmA68++nm/qAe/9Zxmxythk/F36swAkI4pIU2ouLIKK0yxiFBy+xvNw==",
        "dependencies": {
          "Avalonia": "11.3.12"
        }
      },
      "Avalonia.Remote.Protocol": {
        "type": "Transitive",
        "resolved": "11.3.12",
        "contentHash": "zaWTPaBKxGfHxqQfPh1WP+vWy3iVAwYWW/7FGlz63/wT1b+3b7Wn37H6c9C2E/M3cgllrW5/cirye516QUDZiA=="
      },
      "Avalonia.Skia": {
        "type": "Transitive",
        "resolved": "11.3.12",
        "contentHash": "rlVMl2obc5hy4CHfLwA4+Lyu7KU+l5iSmj8leugoWofjgGDyUPa281VCo5FSH4+SkU1+EIXVJZubx2o02gp9nw==",
        "dependencies": {
          "Avalonia": "11.3.12",
          "HarfBuzzSharp": "8.3.1.1",
          "HarfBuzzSharp.NativeAssets.Linux": "8.3.1.1",
          "HarfBuzzSharp.NativeAssets.WebAssembly": "8.3.1.1",
          "SkiaSharp": "2.88.9",
          "SkiaSharp.NativeAssets.Linux": "2.88.9",
          "SkiaSharp.NativeAssets.WebAssembly": "2.88.9"
        }
      },
      "Avalonia.Themes.Simple": {
        "type": "Transitive",
        "resolved": "11.3.12",
        "contentHash": "Zubwo5oC2mjLGgHbkhqFIGnOLiPX6I8CfIBMknrhLH1YndKNSpm15o6jn5FASa+rshuBsylKA7iypEIPosXjWw==",
        "dependencies": {
          "Avalonia": "11.3.12"
        }
      },
      "Avalonia.Win32": {
        "type": "Transitive",
        "resolved": "11.3.12",
        "contentHash": "3Z8gSpWMU0NWR0fI/m8d9b6d9fms1MJ6eZJ7IU4CdU/zCrPiFTjtPfc2VRaRD/0H4tsR3VgP+iTMGZn5nBWljg==",
        "dependencies": {
          "Avalonia": "11.3.12",
          "Avalonia.Angle.Windows.Natives": "2.1.25547.20250602"
        }
      },
      "Avalonia.X11": {
        "type": "Transitive",
        "resolved": "11.3.12",
        "contentHash": "HR0zf0si52uu/hxPTIOI7gW68kPwz8D/fPYgioxISXAR+Yf6BH/TY/F/zrlu3LbptqU3ySoUmqkA9QJpXz04BQ==",
        "dependencies": {
          "Avalonia": "11.3.12",
          "Avalonia.FreeDesktop": "11.3.12",
          "Avalonia.Skia": "11.3.12"
        }
      },
      "HarfBuzzSharp": {
        "type": "Transitive",
        "resolved": "8.3.1.1",
        "contentHash": "tLZN66oe/uiRPTZfrCU4i8ScVGwqHNh5MHrXj0yVf4l7Mz0FhTGnQ71RGySROTmdognAs0JtluHkL41pIabWuQ==",
        "dependencies": {
          "HarfBuzzSharp.NativeAssets.Win32": "8.3.1.1",
          "HarfBuzzSharp.NativeAssets.macOS": "8.3.1.1"
        }
      },
      "HarfBuzzSharp.NativeAssets.Linux": {
        "type": "Transitive",
        "resolved": "8.3.1.1",
        "contentHash": "3EZ1mpIiKWRLL5hUYA82ZHteeDIVaEA/Z0rA/wU6tjx6crcAkJnBPwDXZugBSfo8+J3EznvRJf49uMsqYfKrHg=="
      },
      "HarfBuzzSharp.NativeAssets.macOS": {
        "type": "Transitive",
        "resolved": "8.3.1.1",
        "contentHash": "jbtCsgftcaFLCA13tVKo5iWdElJScrulLTKJre36O4YQTIlwDtPPqhRZNk+Y0vv4D1gxbscasGRucUDfS44ofQ=="
      },
      "HarfBuzzSharp.NativeAssets.WebAssembly": {
        "type": "Transitive",
        "resolved": "8.3.1.1",
        "contentHash": "loJweK2u/mH/3C2zBa0ggJlITIszOkK64HLAZB7FUT670dTg965whLFYHDQo69NmC4+d9UN0icLC9VHidXaVCA=="
      },
      "HarfBuzzSharp.NativeAssets.Win32": {
        "type": "Transitive",
        "resolved": "8.3.1.1",
        "contentHash": "UsJtQsfAJoFDZrXc4hCUfRPMqccfKZ0iumJ/upcUjz/cmsTgVFGNEL5yaJWmkqsuFYdMWbj/En5/kS4PFl9hBA=="
      },
      "MicroCom.Runtime": {
        "type": "Transitive",
        "resolved": "0.11.0",
        "contentHash": "MEnrZ3UIiH40hjzMDsxrTyi8dtqB5ziv3iBeeU4bXsL/7NLSal9F1lZKpK+tfBRnUoDSdtcW3KufE4yhATOMCA=="
      },
      "Microsoft.NETCore.Platforms": {
        "type": "Transitive",
        "resolved": "5.0.0",
        "contentHash": "VyPlqzH2wavqquTcYpkIIAQ6WdenuKoFN0BdYBbCWsclXacSOHNQn66Gt4z5NBqEYW0FAPm5rlvki9ZiCij5xQ=="
      },
      "NAudio.Core": {
        "type": "Transitive",
        "resolved": "2.2.1",
        "contentHash": "GgkdP6K/7FqXFo7uHvoqGZTJvW4z8g2IffhOO4JHaLzKCdDOUEzVKtveoZkCuUX8eV2HAINqi7VFqlFndrnz/g=="
      },
      "SharpGen.Runtime": {
        "type": "Transitive",
        "resolved": "2.4.2-beta",
        "contentHash": "niTtWAUov1F7wZGAlVeEvW+Tnqvg5yTmhI7rxmYu2Utoyu2TbC9tWWpUpMs0PQg5lu5svoYpCAztNjxCqMFP/w==",
        "dependencies": {
          "System.Text.Json": "9.0.1"
        }
      },
      "SharpGen.Runtime.COM": {
        "type": "Transitive",
        "resolved": "2.4.2-beta",
        "contentHash": "9lxDFMiepqo3lJQzMSjECCIONeCc2f3Drokgj6HtrTLZcJSftNgcLbD6/iXYj2iphkwgrZb1oLsDOZxoFZkawQ==",
        "dependencies": {
          "SharpGen.Runtime": "2.4.2-beta",
          "System.Text.Json": "9.0.1"
        }
      },
      "SkiaSharp": {
        "type": "Transitive",
        "resolved": "2.88.9",
        "contentHash": "3MD5VHjXXieSHCleRLuaTXmL2pD0mB7CcOB1x2kA1I4bhptf4e3R27iM93264ZYuAq6mkUyX5XbcxnZvMJYc1Q==",
        "dependencies": {
          "SkiaSharp.NativeAssets.Win32": "2.88.9",
          "SkiaSharp.NativeAssets.macOS": "2.88.9"
        }
      },
      "SkiaSharp.NativeAssets.Linux": {
        "type": "Transitive",
        "resolved": "2.88.9",
        "contentHash": "cWSaJKVPWAaT/WIn9c8T5uT/l4ETwHxNJTkEOtNKjphNo8AW6TF9O32aRkxqw3l8GUdUo66Bu7EiqtFh/XG0Zg==",
        "dependencies": {
          "SkiaSharp": "2.88.9"
        }
      },
      "SkiaSharp.NativeAssets.macOS": {
        "type": "Transitive",
        "resolved": "2.88.9",
        "contentHash": "Nv5spmKc4505Ep7oUoJ5vp3KweFpeNqxpyGDWyeEPTX2uR6S6syXIm3gj75dM0YJz7NPvcix48mR5laqs8dPuA=="
      },
      "SkiaSharp.NativeAssets.WebAssembly": {
        "type": "Transitive",
        "resolved": "2.88.9",
        "contentHash": "kt06RccBHSnAs2wDYdBSfsjIDbY3EpsOVqnlDgKdgvyuRA8ZFDaHRdWNx1VHjGgYzmnFCGiTJBnXFl5BqGwGnA=="
      },
      "SkiaSharp.NativeAssets.Win32": {
        "type": "Transitive",
        "resolved": "2.88.9",
        "contentHash": "wb2kYgU7iy84nQLYZwMeJXixvK++GoIuECjU4ECaUKNuflyRlJKyiRhN1MAHswvlvzuvkrjRWlK0Za6+kYQK7w=="
      },
      "System.IO.Pipelines": {
        "type": "Transitive",
        "resolved": "9.0.1",
        "contentHash": "uXf5o8eV/gtzDQY4lGROLFMWQvcViKcF8o4Q6KpIOjloAQXrnscQSu6gTxYJMHuNJnh7szIF9AzkaEq+zDLoEg=="
      },
      "System.Security.AccessControl": {
        "type": "Transitive",
        "resolved": "5.0.0",
        "contentHash": "dagJ1mHZO3Ani8GH0PHpPEe/oYO+rVdbQjvjJkBRNQkX4t0r1iaeGn8+/ybkSLEan3/slM0t59SVdHzuHf2jmw==",
        "dependencies": {
          "Microsoft.NETCore.Platforms": "5.0.0",
          "System.Security.Principal.Windows": "5.0.0"
        }
      },
      "System.Security.Principal.Windows": {
        "type": "Transitive",
        "resolved": "5.0.0",
        "contentHash": "t0MGLukB5WAVU9bO3MGzvlGnyJPgUlcwerXn1kzBRjwLKixT96XV0Uza41W49gVd8zEMFu9vQEFlv0IOrytICA=="
      },
      "System.Text.Encodings.Web": {
        "type": "Transitive",
        "resolved": "9.0.1",
        "contentHash": "XkspqduP2t1e1x2vBUAD/xZ5ZDvmywuUwsmB93MvyQLospJfqtX0GsR/kU0vUL2h4kmvf777z3txV2W4NrQ9Qg=="
      },
      "System.Text.Json": {
        "type": "Transitive",
        "resolved": "9.0.1",
        "contentHash": "eqWHDZqYPv1PvuvoIIx5pF74plL3iEOZOl/0kQP+Y0TEbtgNnM2W6k8h8EPYs+LTJZsXuWa92n5W5sHTWvE3VA==",
        "dependencies": {
          "System.IO.Pipelines": "9.0.1",
          "System.Text.Encodings.Web": "9.0.1"
        }
      },
      "Tmds.DBus.Protocol": {
        "type": "Transitive",
        "resolved": "0.21.2",
        "contentHash": "ScSMrUrrw8px4kK1Glh0fZv/HQUlg1078bNXNPfRPKQ3WbRzV9HpsydYEOgSoMK5LWICMf2bMwIFH0pGjxjcMA==",
        "dependencies": {
          "System.IO.Pipelines": "8.0.0"
        }
      },
      "Vortice.DirectX": {
        "type": "Transitive",
        "resolved": "3.8.3",
        "contentHash": "nKwSavv0w5rDF7prSefqAVPDcTyqrfZxKFMVfttiXPfm62VdA/1d+b3PhCZpW4xO7jXczXDwjQdWgD1zGsvM8w==",
        "dependencies": {
          "SharpGen.Runtime": "2.4.2-beta",
          "SharpGen.Runtime.COM": "2.4.2-beta",
          "Vortice.Mathematics": "2.1.0"
        }
      },
      "Vortice.Mathematics": {
        "type": "Transitive",
        "resolved": "2.1.0",
        "contentHash": "KK+SjNSuKdP+zbavekubi+vaeb1Jo4k87ZF6CMkVWjr6RjJwc8peVtmgzXXDIMy4ZC3ZISyk3llY3q65ISOkBQ=="
      }
    },
    "net8.0/win-x64": {
      "Microsoft.Win32.Registry": {
        "type": "Direct",
        "requested": "[5.0.0, )",
        "resolved": "5.0.0",
        "contentHash": "dDoKi0PnDz31yAyETfRntsLArTlVAVzUzCIvvEDsDsucrl33Dl8pIJG06ePTJTI3tGpeyHS9Cq7Foc/s4EeKcg==",
        "dependencies": {
          "System.Security.AccessControl": "5.0.0",
          "System.Security.Principal.Windows": "5.0.0"
        }
      },
      "Avalonia.Angle.Windows.Natives": {
        "type": "Transitive",
        "resolved": "2.1.25547.20250602",
        "contentHash": "ZL0VLc4s9rvNNFt19Pxm5UNAkmKNylugAwJPX9ulXZ6JWs/l6XZihPWWTyezaoNOVyEPU8YbURtW7XMAtqXH5A=="
      },
      "Avalonia.Native": {
        "type": "Transitive",
        "resolved": "11.3.12",
        "contentHash": "28q2DUSGUBVRpEQWYBo0crokZabPyI7KmA68++nm/qAe/9Zxmxythk/F36swAkI4pIU2ouLIKK0yxiFBy+xvNw==",
        "dependencies": {
          "Avalonia": "11.3.12"
        }
      },
      "HarfBuzzSharp.NativeAssets.Linux": {
        "type": "Transitive",
        "resolved": "8.3.1.1",
        "contentHash": "3EZ1mpIiKWRLL5hUYA82ZHteeDIVaEA/Z0rA/wU6tjx6crcAkJnBPwDXZugBSfo8+J3EznvRJf49uMsqYfKrHg=="
      },
      "HarfBuzzSharp.NativeAssets.macOS": {
        "type": "Transitive",
        "resolved": "8.3.1.1",
        "contentHash": "jbtCsgftcaFLCA13tVKo5iWdElJScrulLTKJre36O4YQTIlwDtPPqhRZNk+Y0vv4D1gxbscasGRucUDfS44ofQ=="
      },
      "HarfBuzzSharp.NativeAssets.Win32": {
        "type": "Transitive",
        "resolved": "8.3.1.1",
        "contentHash": "UsJtQsfAJoFDZrXc4hCUfRPMqccfKZ0iumJ/upcUjz/cmsTgVFGNEL5yaJWmkqsuFYdMWbj/En5/kS4PFl9hBA=="
      },
      "SkiaSharp.NativeAssets.Linux": {
        "type": "Transitive",
        "resolved": "2.88.9",
        "contentHash": "cWSaJKVPWAaT/WIn9c8T5uT/l4ETwHxNJTkEOtNKjphNo8AW6TF9O32aRkxqw3l8GUdUo66Bu7EiqtFh/XG0Zg==",
        "dependencies": {
          "SkiaSharp": "2.88.9"
        }
      },
      "SkiaSharp.NativeAssets.macOS": {
        "type": "Transitive",
        "resolved": "2.88.9",
        "contentHash": "Nv5spmKc4505Ep7oUoJ5vp3KweFpeNqxpyGDWyeEPTX2uR6S6syXIm3gj75dM0YJz7NPvcix48mR5laqs8dPuA=="
      },
      "SkiaSharp.NativeAssets.Win32": {
        "type": "Transitive",
        "resolved": "2.88.9",
        "contentHash": "wb2kYgU7iy84nQLYZwMeJXixvK++GoIuECjU4ECaUKNuflyRlJKyiRhN1MAHswvlvzuvkrjRWlK0Za6+kYQK7w=="
      },
      "System.Security.AccessControl": {
        "type": "Transitive",
        "resolved": "5.0.0",
        "contentHash": "dagJ1mHZO3Ani8GH0PHpPEe/oYO+rVdbQjvjJkBRNQkX4t0r1iaeGn8+/ybkSLEan3/slM0t59SVdHzuHf2jmw==",
        "dependencies": {
          "Microsoft.NETCore.Platforms": "5.0.0",
          "System.Security.Principal.Windows": "5.0.0"
        }
      },
      "System.Security.Principal.Windows": {
        "type": "Transitive",
        "resolved": "5.0.0",
        "contentHash": "t0MGLukB5WAVU9bO3MGzvlGnyJPgUlcwerXn1kzBRjwLKixT96XV0Uza41W49gVd8zEMFu9vQEFlv0IOrytICA=="
      },
      "System.Text.Encodings.Web": {
        "type": "Transitive",
        "resolved": "9.0.1",
        "contentHash": "XkspqduP2t1e1x2vBUAD/xZ5ZDvmywuUwsmB93MvyQLospJfqtX0GsR/kU0vUL2h4kmvf777z3txV2W4NrQ9Qg=="
      }
    }
  }
}